
Microsoft Visual Studio Solution File, Format Version 12.00
# Visual Studio 15
VisualStudioVersion = 15.0.28307.168
MinimumVisualStudioVersion = 10.0.40219.1
Project("{8BC9CEB8-8B4A-11D0-8D11-00A0C91BC942}") = "LibPrimeNumber", "LibPrimeNumber\LibPrimeNumber.vcxproj", "{D818F8CC-10D1-40C3-BE6C-F249C0D6CA46}"
EndProject
Project("{8BC9CEB8-8B4A-11D0-8D11-00A0C91BC942}") = "PrimeNumberTest", "PrimeNumberTest\PrimeNumberTest.vcxproj", "{7955CFBE-57D6-4620-BEE5-44CB89A01409}"
EndProject
Global
	GlobalSection(SolutionConfigurationPlatforms) = preSolution
		Debug|x64 = Debug|x64
		Debug|x86 = Debug|x86
		Release|x64 = Release|x64
		Release|x86 = Release|x86
	EndGlobalSection
	GlobalSection(ProjectConfigurationPlatforms) = postSolution
		{D818F8CC-10D1-40C3-BE6C-F249C0D6CA46}.Debug|x64.ActiveCfg = Debug|x64
		{D818F8CC-10D1-40C3-BE6C-F249C0D6CA46}.Debug|x64.Build.0 = Debug|x64
		{D818F8CC-10D1-40C3-BE6C-F249C0D6CA46}.Debug|x86.ActiveCfg = Debug|Win32
		{D818F8CC-10D1-40C3-BE6C-F249C0D6CA46}.Debug|x86.Build.0 = Debug|Win32
		{D818F8CC-10D1-40C3-BE6C-F249C0D6CA46}.Release|x64.ActiveCfg = Release|x64
		{D818F8CC-10D1-40C3-BE6C-F249C0D6CA46}.Release|x64.Build.0 = Release|x64
		{D818F8CC-10D1-40C3-BE6C-F249C0D6CA46}.Release|x86.ActiveCfg = Release|Win32
		{D818F8CC-10D1-40C3-BE6C-F249C0D6CA46}.Release|x86.Build.0 = Release|Win32
		{7955CFBE-57D6-4620-BEE5-44CB89A01409}.Debug|x64.ActiveCfg = Debug|x64
		{7955CFBE-57D6-4620-BEE5-44CB89A01409}.Debug|x64.Build.0 = Debug|x64
		{7955CFBE-57D6-4620-BEE5-44CB89A01409}.Debug|x86.ActiveCfg = Debug|Win32
		{7955CFBE-57D6-4620-BEE5-44CB89A01409}.Debug|x86.Build.0 = Debug|Win32
		{7955CFBE-57D6-4620-BEE5-44CB89A01409}.Release|x64.ActiveCfg = Release|x64
		{7955CFBE-57D6-4620-BEE5-44CB89A01409}.Release|x64.Build.0 = Release|x64
		{7955CFBE-57D6-4620-BEE5-44CB89A01409}.Release|x86.ActiveCfg = Release|Win32
		{7955CFBE-57D6-4620-BEE5-44CB89A01409}.Release|x86.Build.0 = Release|Win32
	EndGlobalSection
	GlobalSection(SolutionProperties) = preSolution
		HideSolutionNode = FALSE
	EndGlobalSection
	GlobalSection(ExtensibilityGlobals) = postSolution
		SolutionGuid = {3BAB130C-7939-43F6-B7C2-9A00732AEC72}
	EndGlobalSection
EndGlobal
